// !$*UTF8*$!
{
	archiveVersion = 1;
	classes = {
	};
	objectVersion = 51;
	objects = {

/* Begin PBXBuildFile section */
		00BF8E9CAA1781C6D64B4E81 /* Pods_PopoverDemo1.framework in Frameworks */ = {isa = PBXBuildFile; fileRef = 94C1A1182FD1218011D2ECCF /* Pods_PopoverDemo1.framework */; };
		CE04C41E21F80DC400FEE6F1 /* AppDelegate.swift in Sources */ = {isa = PBXBuildFile; fileRef = CE04C41D21F80DC400FEE6F1 /* AppDelegate.swift */; };
		CE04C42021F80DC400FEE6F1 /* ViewController.swift in Sources */ = {isa = PBXBuildFile; fileRef = CE04C41F21F80DC400FEE6F1 /* ViewController.swift */; };
		CE04C42321F80DC400FEE6F1 /* Main.storyboard in Resources */ = {isa = PBXBuildFile; fileRef = CE04C42121F80DC400FEE6F1 /* Main.storyboard */; };
		CE04C42521F80DC500FEE6F1 /* Assets.xcassets in Resources */ = {isa = PBXBuildFile; fileRef = CE04C42421F80DC500FEE6F1 /* Assets.xcassets */; };
		CE04C42821F80DC500FEE6F1 /* LaunchScreen.storyboard in Resources */ = {isa = PBXBuildFile; fileRef = CE04C42621F80DC500FEE6F1 /* LaunchScreen.storyboard */; };
		CE04C43321F80DC500FEE6F1 /* PopoverDemo1Tests.swift in Sources */ = {isa = PBXBuildFile; fileRef = CE04C43221F80DC500FEE6F1 /* PopoverDemo1Tests.swift */; };
		D88276E48E3C5576E91DD951 /* Pods_PopoverDemo1Tests.framework in Frameworks */ = {isa = PBXBuildFile; fileRef = 95E9760AB8588ED3F440C016 /* Pods_PopoverDemo1Tests.framework */; };
		FAC2008B28E2EA3B00C6EBF4 /* MasterViewController.swift in Sources */ = {isa = PBXBuildFile; fileRef = FAC2008A28E2EA3B00C6EBF4 /* MasterViewController.swift */; };
		FAC2008D28E2EA5B00C6EBF4 /* DetailViewController.swift in Sources */ = {isa = PBXBuildFile; fileRef = FAC2008C28E2EA5B00C6EBF4 /* DetailViewController.swift */; };
		FAC2009028E2EFA600C6EBF4 /* Identifier.swift in Sources */ = {isa = PBXBuildFile; fileRef = FAC2008F28E2EFA600C6EBF4 /* Identifier.swift */; };
		FAC2009528E2F04400C6EBF4 /* CategoryCell.swift in Sources */ = {isa = PBXBuildFile; fileRef = FAC2009328E2F04400C6EBF4 /* CategoryCell.swift */; };
		FAC2009628E2F04400C6EBF4 /* CategoryCell.xib in Resources */ = {isa = PBXBuildFile; fileRef = FAC2009428E2F04400C6EBF4 /* CategoryCell.xib */; };
		FAC2009A28E2F85F00C6EBF4 /* CategoryDetailTableViewCell.swift in Sources */ = {isa = PBXBuildFile; fileRef = FAC2009828E2F85F00C6EBF4 /* CategoryDetailTableViewCell.swift */; };
		FAC2009B28E2F85F00C6EBF4 /* CategoryDetailTableViewCell.xib in Resources */ = {isa = PBXBuildFile; fileRef = FAC2009928E2F85F00C6EBF4 /* CategoryDetailTableViewCell.xib */; };
		FAC2009D28E2FD5E00C6EBF4 /* DetailMealViewController.swift in Sources */ = {isa = PBXBuildFile; fileRef = FAC2009C28E2FD5E00C6EBF4 /* DetailMealViewController.swift */; };
/* End PBXBuildFile section */

/* Begin PBXContainerItemProxy section */
		CE04C42F21F80DC500FEE6F1 /* PBXContainerItemProxy */ = {
			isa = PBXContainerItemProxy;
			containerPortal = CE04C41221F80DC400FEE6F1 /* Project object */;
			proxyType = 1;
			remoteGlobalIDString = CE04C41921F80DC400FEE6F1;
			remoteInfo = PopoverDemo1;
		};
/* End PBXContainerItemProxy section */

/* Begin PBXFileReference section */
		45677A7AE4C5C6C441AD11A3 /* Pods-PopoverDemo1.release.xcconfig */ = {isa = PBXFileReference; includeInIndex = 1; lastKnownFileType = text.xcconfig; name = "Pods-PopoverDemo1.release.xcconfig"; path = "Target Support Files/Pods-PopoverDemo1/Pods-PopoverDemo1.release.xcconfig"; sourceTree = "<group>"; };
		94C1A1182FD1218011D2ECCF /* Pods_PopoverDemo1.framework */ = {isa = PBXFileReference; explicitFileType = wrapper.framework; includeInIndex = 0; path = Pods_PopoverDemo1.framework; sourceTree = BUILT_PRODUCTS_DIR; };
		95E9760AB8588ED3F440C016 /* Pods_PopoverDemo1Tests.framework */ = {isa = PBXFileReference; explicitFileType = wrapper.framework; includeInIndex = 0; path = Pods_PopoverDemo1Tests.framework; sourceTree = BUILT_PRODUCTS_DIR; };
		AE5770371D677FF7B71FEF1A /* Pods-PopoverDemo1Tests.debug.xcconfig */ = {isa = PBXFileReference; includeInIndex = 1; lastKnownFileType = text.xcconfig; name = "Pods-PopoverDemo1Tests.debug.xcconfig"; path = "Target Support Files/Pods-PopoverDemo1Tests/Pods-PopoverDemo1Tests.debug.xcconfig"; sourceTree = "<group>"; };
		B11278D146F64859825D9D06 /* Pods-PopoverDemo1.debug.xcconfig */ = {isa = PBXFileReference; includeInIndex = 1; lastKnownFileType = text.xcconfig; name = "Pods-PopoverDemo1.debug.xcconfig"; path = "Target Support Files/Pods-PopoverDemo1/Pods-PopoverDemo1.debug.xcconfig"; sourceTree = "<group>"; };
		CD04570BF2BD07AA3B8EF52B /* Pods-PopoverDemo1Tests.release.xcconfig */ = {isa = PBXFileReference; includeInIndex = 1; lastKnownFileType = text.xcconfig; name = "Pods-PopoverDemo1Tests.release.xcconfig"; path = "Target Support Files/Pods-PopoverDemo1Tests/Pods-PopoverDemo1Tests.release.xcconfig"; sourceTree = "<group>"; };
		CE04C41A21F80DC400FEE6F1 /* PopoverDemo1.app */ = {isa = PBXFileReference; explicitFileType = wrapper.application; includeInIndex = 0; path = PopoverDemo1.app; sourceTree = BUILT_PRODUCTS_DIR; };
		CE04C41D21F80DC400FEE6F1 /* AppDelegate.swift */ = {isa = PBXFileReference; lastKnownFileType = sourcecode.swift; path = AppDelegate.swift; sourceTree = "<group>"; };
		CE04C41F21F80DC400FEE6F1 /* ViewController.swift */ = {isa = PBXFileReference; lastKnownFileType = sourcecode.swift; path = ViewController.swift; sourceTree = "<group>"; };
		CE04C42221F80DC400FEE6F1 /* Base */ = {isa = PBXFileReference; lastKnownFileType = file.storyboard; name = Base; path = Base.lproj/Main.storyboard; sourceTree = "<group>"; };
		CE04C42421F80DC500FEE6F1 /* Assets.xcassets */ = {isa = PBXFileReference; lastKnownFileType = folder.assetcatalog; path = Assets.xcassets; sourceTree = "<group>"; };
		CE04C42721F80DC500FEE6F1 /* Base */ = {isa = PBXFileReference; lastKnownFileType = file.storyboard; name = Base; path = Base.lproj/LaunchScreen.storyboard; sourceTree = "<group>"; };
		CE04C42921F80DC500FEE6F1 /* Info.plist */ = {isa = PBXFileReference; lastKnownFileType = text.plist.xml; path = Info.plist; sourceTree = "<group>"; };
		CE04C42E21F80DC500FEE6F1 /* PopoverDemo1Tests.xctest */ = {isa = PBXFileReference; explicitFileType = wrapper.cfbundle; includeInIndex = 0; path = PopoverDemo1Tests.xctest; sourceTree = BUILT_PRODUCTS_DIR; };
		CE04C43221F80DC500FEE6F1 /* PopoverDemo1Tests.swift */ = {isa = PBXFileReference; lastKnownFileType = sourcecode.swift; path = PopoverDemo1Tests.swift; sourceTree = "<group>"; };
		CE04C43421F80DC500FEE6F1 /* Info.plist */ = {isa = PBXFileReference; lastKnownFileType = text.plist.xml; path = Info.plist; sourceTree = "<group>"; };
		FAC2008A28E2EA3B00C6EBF4 /* MasterViewController.swift */ = {isa = PBXFileReference; lastKnownFileType = sourcecode.swift; path = MasterViewController.swift; sourceTree = "<group>"; };
		FAC2008C28E2EA5B00C6EBF4 /* DetailViewController.swift */ = {isa = PBXFileReference; lastKnownFileType = sourcecode.swift; path = DetailViewController.swift; sourceTree = "<group>"; };
		FAC2008F28E2EFA600C6EBF4 /* Identifier.swift */ = {isa = PBXFileReference; lastKnownFileType = sourcecode.swift; path = Identifier.swift; sourceTree = "<group>"; };
		FAC2009328E2F04400C6EBF4 /* CategoryCell.swift */ = {isa = PBXFileReference; lastKnownFileType = sourcecode.swift; path = CategoryCell.swift; sourceTree = "<group>"; };
		FAC2009428E2F04400C6EBF4 /* CategoryCell.xib */ = {isa = PBXFileReference; lastKnownFileType = file.xib; path = CategoryCell.xib; sourceTree = "<group>"; };
		FAC2009828E2F85F00C6EBF4 /* CategoryDetailTableViewCell.swift */ = {isa = PBXFileReference; lastKnownFileType = sourcecode.swift; path = CategoryDetailTableViewCell.swift; sourceTree = "<group>"; };
		FAC2009928E2F85F00C6EBF4 /* CategoryDetailTableViewCell.xib */ = {isa = PBXFileReference; lastKnownFileType = file.xib; path = CategoryDetailTableViewCell.xib; sourceTree = "<group>"; };
		FAC2009C28E2FD5E00C6EBF4 /* DetailMealViewController.swift */ = {isa = PBXFileReference; lastKnownFileType = sourcecode.swift; path = DetailMealViewController.swift; sourceTree = "<group>"; };
/* End PBXFileReference section */

/* Begin PBXFrameworksBuildPhase section */
		CE04C41721F80DC400FEE6F1 /* Frameworks */ = {
			isa = PBXFrameworksBuildPhase;
			buildActionMask = 2147483647;
			files = (
				00BF8E9CAA1781C6D64B4E81 /* Pods_PopoverDemo1.framework in Frameworks */,
			);
			runOnlyForDeploymentPostprocessing = 0;
		};
		CE04C42B21F80DC500FEE6F1 /* Frameworks */ = {
			isa = PBXFrameworksBuildPhase;
			buildActionMask = 2147483647;
			files = (
				D88276E48E3C5576E91DD951 /* Pods_PopoverDemo1Tests.framework in Frameworks */,
			);
			runOnlyForDeploymentPostprocessing = 0;
		};
/* End PBXFrameworksBuildPhase section */

/* Begin PBXGroup section */
		9217C747017F8FF170285A1F /* Pods */ = {
			isa = PBXGroup;
			children = (
				B11278D146F64859825D9D06 /* Pods-PopoverDemo1.debug.xcconfig */,
				45677A7AE4C5C6C441AD11A3 /* Pods-PopoverDemo1.release.xcconfig */,
				AE5770371D677FF7B71FEF1A /* Pods-PopoverDemo1Tests.debug.xcconfig */,
				CD04570BF2BD07AA3B8EF52B /* Pods-PopoverDemo1Tests.release.xcconfig */,
			);
			path = Pods;
			sourceTree = "<group>";
		};
		A5078B703646B6842E4CE70F /* Frameworks */ = {
			isa = PBXGroup;
			children = (
				94C1A1182FD1218011D2ECCF /* Pods_PopoverDemo1.framework */,
				95E9760AB8588ED3F440C016 /* Pods_PopoverDemo1Tests.framework */,
			);
			name = Frameworks;
			sourceTree = "<group>";
		};
		CE04C41121F80DC400FEE6F1 = {
			isa = PBXGroup;
			children = (
				CE04C41C21F80DC400FEE6F1 /* PopoverDemo1 */,
				CE04C43121F80DC500FEE6F1 /* PopoverDemo1Tests */,
				CE04C41B21F80DC400FEE6F1 /* Products */,
				9217C747017F8FF170285A1F /* Pods */,
				A5078B703646B6842E4CE70F /* Frameworks */,
			);
			sourceTree = "<group>";
		};
		CE04C41B21F80DC400FEE6F1 /* Products */ = {
			isa = PBXGroup;
			children = (
				CE04C41A21F80DC400FEE6F1 /* PopoverDemo1.app */,
				CE04C42E21F80DC500FEE6F1 /* PopoverDemo1Tests.xctest */,
			);
			name = Products;
			sourceTree = "<group>";
		};
		CE04C41C21F80DC400FEE6F1 /* PopoverDemo1 */ = {
			isa = PBXGroup;
			children = (
				FAC2009128E2F01E00C6EBF4 /* Views */,
				FAC2008E28E2EF9400C6EBF4 /* Extension */,
				CE04C41D21F80DC400FEE6F1 /* AppDelegate.swift */,
				CE04C41F21F80DC400FEE6F1 /* ViewController.swift */,
				FAC2008A28E2EA3B00C6EBF4 /* MasterViewController.swift */,
				FAC2008C28E2EA5B00C6EBF4 /* DetailViewController.swift */,
				FAC2009C28E2FD5E00C6EBF4 /* DetailMealViewController.swift */,
				CE04C42121F80DC400FEE6F1 /* Main.storyboard */,
				CE04C42421F80DC500FEE6F1 /* Assets.xcassets */,
				CE04C42621F80DC500FEE6F1 /* LaunchScreen.storyboard */,
				CE04C42921F80DC500FEE6F1 /* Info.plist */,
			);
			path = PopoverDemo1;
			sourceTree = "<group>";
		};
		CE04C43121F80DC500FEE6F1 /* PopoverDemo1Tests */ = {
			isa = PBXGroup;
			children = (
				CE04C43221F80DC500FEE6F1 /* PopoverDemo1Tests.swift */,
				CE04C43421F80DC500FEE6F1 /* Info.plist */,
			);
			path = PopoverDemo1Tests;
			sourceTree = "<group>";
		};
		FAC2008E28E2EF9400C6EBF4 /* Extension */ = {
			isa = PBXGroup;
			children = (
				FAC2008F28E2EFA600C6EBF4 /* Identifier.swift */,
			);
			path = Extension;
			sourceTree = "<group>";
		};
		FAC2009128E2F01E00C6EBF4 /* Views */ = {
			isa = PBXGroup;
			children = (
				FAC2009728E2F84600C6EBF4 /* CategoryDetail */,
				FAC2009228E2F02800C6EBF4 /* CategoryCell */,
			);
			path = Views;
			sourceTree = "<group>";
		};
		FAC2009228E2F02800C6EBF4 /* CategoryCell */ = {
			isa = PBXGroup;
			children = (
				FAC2009328E2F04400C6EBF4 /* CategoryCell.swift */,
				FAC2009428E2F04400C6EBF4 /* CategoryCell.xib */,
			);
			path = CategoryCell;
			sourceTree = "<group>";
		};
		FAC2009728E2F84600C6EBF4 /* CategoryDetail */ = {
			isa = PBXGroup;
			children = (
				FAC2009828E2F85F00C6EBF4 /* CategoryDetailTableViewCell.swift */,
				FAC2009928E2F85F00C6EBF4 /* CategoryDetailTableViewCell.xib */,
			);
			path = CategoryDetail;
			sourceTree = "<group>";
		};
/* End PBXGroup section */

/* Begin PBXNativeTarget section */
		CE04C41921F80DC400FEE6F1 /* PopoverDemo1 */ = {
			isa = PBXNativeTarget;
			buildConfigurationList = CE04C43721F80DC500FEE6F1 /* Build configuration list for PBXNativeTarget "PopoverDemo1" */;
			buildPhases = (
				CB98C6ECA2FAFAB597B31BE8 /* [CP] Check Pods Manifest.lock */,
				CE04C41621F80DC400FEE6F1 /* Sources */,
				CE04C41721F80DC400FEE6F1 /* Frameworks */,
				CE04C41821F80DC400FEE6F1 /* Resources */,
				E6B91B358BAAFAA361C8F3A2 /* [CP] Embed Pods Frameworks */,
			);
			buildRules = (
			);
			dependencies = (
			);
			name = PopoverDemo1;
			productName = PopoverDemo1;
			productReference = CE04C41A21F80DC400FEE6F1 /* PopoverDemo1.app */;
			productType = "com.apple.product-type.application";
		};
		CE04C42D21F80DC500FEE6F1 /* PopoverDemo1Tests */ = {
			isa = PBXNativeTarget;
			buildConfigurationList = CE04C43A21F80DC500FEE6F1 /* Build configuration list for PBXNativeTarget "PopoverDemo1Tests" */;
			buildPhases = (
				D3C43A63FF51F32C23E263FD /* [CP] Check Pods Manifest.lock */,
				CE04C42A21F80DC500FEE6F1 /* Sources */,
				CE04C42B21F80DC500FEE6F1 /* Frameworks */,
				CE04C42C21F80DC500FEE6F1 /* Resources */,
			);
			buildRules = (
			);
			dependencies = (
				CE04C43021F80DC500FEE6F1 /* PBXTargetDependency */,
			);
			name = PopoverDemo1Tests;
			productName = PopoverDemo1Tests;
			productReference = CE04C42E21F80DC500FEE6F1 /* PopoverDemo1Tests.xctest */;
			productType = "com.apple.product-type.bundle.unit-test";
		};
/* End PBXNativeTarget section */

/* Begin PBXProject section */
		CE04C41221F80DC400FEE6F1 /* Project object */ = {
			isa = PBXProject;
			attributes = {
				LastSwiftUpdateCheck = 1000;
				LastUpgradeCheck = 1000;
				ORGANIZATIONNAME = duycuong;
				TargetAttributes = {
					CE04C41921F80DC400FEE6F1 = {
						CreatedOnToolsVersion = 10.0;
					};
					CE04C42D21F80DC500FEE6F1 = {
						CreatedOnToolsVersion = 10.0;
						TestTargetID = CE04C41921F80DC400FEE6F1;
					};
				};
			};
			buildConfigurationList = CE04C41521F80DC400FEE6F1 /* Build configuration list for PBXProject "PopoverDemo1" */;
			compatibilityVersion = "Xcode 9.3";
			developmentRegion = en;
			hasScannedForEncodings = 0;
			knownRegions = (
				en,
				Base,
			);
			mainGroup = CE04C41121F80DC400FEE6F1;
			productRefGroup = CE04C41B21F80DC400FEE6F1 /* Products */;
			projectDirPath = "";
			projectRoot = "";
			targets = (
				CE04C41921F80DC400FEE6F1 /* PopoverDemo1 */,
				CE04C42D21F80DC500FEE6F1 /* PopoverDemo1Tests */,
			);
		};
/* End PBXProject section */

/* Begin PBXResourcesBuildPhase section */
		CE04C41821F80DC400FEE6F1 /* Resources */ = {
			isa = PBXResourcesBuildPhase;
			buildActionMask = 2147483647;
			files = (
				CE04C42821F80DC500FEE6F1 /* LaunchScreen.storyboard in Resources */,
				FAC2009B28E2F85F00C6EBF4 /* CategoryDetailTableViewCell.xib in Resources */,
				CE04C42521F80DC500FEE6F1 /* Assets.xcassets in Resources */,
				CE04C42321F80DC400FEE6F1 /* Main.storyboard in Resources */,
				FAC2009628E2F04400C6EBF4 /* CategoryCell.xib in Resources */,
			);
			runOnlyForDeploymentPostprocessing = 0;
		};
		CE04C42C21F80DC500FEE6F1 /* Resources */ = {
			isa = PBXResourcesBuildPhase;
			buildActionMask = 2147483647;
			files = (
			);
			runOnlyForDeploymentPostprocessing = 0;
		};
/* End PBXResourcesBuildPhase section */

/* Begin PBXShellScriptBuildPhase section */
		CB98C6ECA2FAFAB597B31BE8 /* [CP] Check Pods Manifest.lock */ = {
			isa = PBXShellScriptBuildPhase;
			buildActionMask = 2147483647;
			files = (
			);
			inputFileListPaths = (
			);
			inputPaths = (
				"${PODS_PODFILE_DIR_PATH}/Podfile.lock",
				"${PODS_ROOT}/Manifest.lock",
			);
			name = "[CP] Check Pods Manifest.lock";
			outputFileListPaths = (
			);
			outputPaths = (
				"$(DERIVED_FILE_DIR)/Pods-PopoverDemo1-checkManifestLockResult.txt",
			);
			runOnlyForDeploymentPostprocessing = 0;
			shellPath = /bin/sh;
			shellScript = "diff \"${PODS_PODFILE_DIR_PATH}/Podfile.lock\" \"${PODS_ROOT}/Manifest.lock\" > /dev/null\nif [ $? != 0 ] ; then\n    # print error to STDERR\n    echo \"error: The sandbox is not in sync with the Podfile.lock. Run 'pod install' or update your CocoaPods installation.\" >&2\n    exit 1\nfi\n# This output is used by Xcode 'outputs' to avoid re-running this script phase.\necho \"SUCCESS\" > \"${SCRIPT_OUTPUT_FILE_0}\"\n";
			showEnvVarsInLog = 0;
		};
		D3C43A63FF51F32C23E263FD /* [CP] Check Pods Manifest.lock */ = {
			isa = PBXShellScriptBuildPhase;
			buildActionMask = 2147483647;
			files = (
			);
			inputFileListPaths = (
			);
			inputPaths = (
				"${PODS_PODFILE_DIR_PATH}/Podfile.lock",
				"${PODS_ROOT}/Manifest.lock",
			);
			name = "[CP] Check Pods Manifest.lock";
			outputFileListPaths = (
			);
			outputPaths = (
				"$(DERIVED_FILE_DIR)/Pods-PopoverDemo1Tests-checkManifestLockResult.txt",
			);
			runOnlyForDeploymentPostprocessing = 0;
			shellPath = /bin/sh;
			shellScript = "diff \"${PODS_PODFILE_DIR_PATH}/Podfile.lock\" \"${PODS_ROOT}/Manifest.lock\" > /dev/null\nif [ $? != 0 ] ; then\n    # print error to STDERR\n    echo \"error: The sandbox is not in sync with the Podfile.lock. Run 'pod install' or update your CocoaPods installation.\" >&2\n    exit 1\nfi\n# This output is used by Xcode 'outputs' to avoid re-running this script phase.\necho \"SUCCESS\" > \"${SCRIPT_OUTPUT_FILE_0}\"\n";
			showEnvVarsInLog = 0;
		};
		E6B91B358BAAFAA361C8F3A2 /* [CP] Embed Pods Frameworks */ = {
			isa = PBXShellScriptBuildPhase;
			buildActionMask = 2147483647;
			files = (
			);
			inputFileListPaths = (
				"${PODS_ROOT}/Target Support Files/Pods-PopoverDemo1/Pods-PopoverDemo1-frameworks-${CONFIGURATION}-input-files.xcfilelist",
			);
			name = "[CP] Embed Pods Frameworks";
			outputFileListPaths = (
				"${PODS_ROOT}/Target Support Files/Pods-PopoverDemo1/Pods-PopoverDemo1-frameworks-${CONFIGURATION}-output-files.xcfilelist",
			);
			runOnlyForDeploymentPostprocessing = 0;
			shellPath = /bin/sh;
			shellScript = "\"${PODS_ROOT}/Target Support Files/Pods-PopoverDemo1/Pods-PopoverDemo1-frameworks.sh\"\n";
			showEnvVarsInLog = 0;
		};
/* End PBXShellScriptBuildPhase section */

/* Begin PBXSourcesBuildPhase section */
		CE04C41621F80DC400FEE6F1 /* Sources */ = {
			isa = PBXSourcesBuildPhase;
			buildActionMask = 2147483647;
			files = (
				CE04C42021F80DC400FEE6F1 /* ViewController.swift in Sources */,
				FAC2009028E2EFA600C6EBF4 /* Identifier.swift in Sources */,
				FAC2009D28E2FD5E00C6EBF4 /* DetailMealViewController.swift in Sources */,
				FAC2009A28E2F85F00C6EBF4 /* CategoryDetailTableViewCell.swift in Sources */,
				CE04C41E21F80DC400FEE6F1 /* AppDelegate.swift in Sources */,
				FAC2008B28E2EA3B00C6EBF4 /* MasterViewController.swift in Sources */,
				FAC2008D28E2EA5B00C6EBF4 /* DetailViewController.swift in Sources */,
				FAC2009528E2F04400C6EBF4 /* CategoryCell.swift in Sources */,
			);
			runOnlyForDeploymentPostprocessing = 0;
		};
		CE04C42A21F80DC500FEE6F1 /* Sources */ = {
			isa = PBXSourcesBuildPhase;
			buildActionMask = 2147483647;
			files = (
				CE04C43321F80DC500FEE6F1 /* PopoverDemo1Tests.swift in Sources */,
			);
			runOnlyForDeploymentPostprocessing = 0;
		};
/* End PBXSourcesBuildPhase section */

/* Begin PBXTargetDependency section */
		CE04C43021F80DC500FEE6F1 /* PBXTargetDependency */ = {
			isa = PBXTargetDependency;
			target = CE04C41921F80DC400FEE6F1 /* PopoverDemo1 */;
			targetProxy = CE04C42F21F80DC500FEE6F1 /* PBXContainerItemProxy */;
		};
/* End PBXTargetDependency section */

/* Begin PBXVariantGroup section */
		CE04C42121F80DC400FEE6F1 /* Main.storyboard */ = {
			isa = PBXVariantGroup;
			children = (
				CE04C42221F80DC400FEE6F1 /* Base */,
			);
			name = Main.storyboard;
			sourceTree = "<group>";
		};
		CE04C42621F80DC500FEE6F1 /* LaunchScreen.storyboard */ = {
			isa = PBXVariantGroup;
			children = (
				CE04C42721F80DC500FEE6F1 /* Base */,
			);
			name = LaunchScreen.storyboard;
			sourceTree = "<group>";
		};
/* End PBXVariantGroup section */

/* Begin XCBuildConfiguration section */
		CE04C43521F80DC500FEE6F1 /* Debug */ = {
			isa = XCBuildConfiguration;
			buildSettings = {
				ALWAYS_SEARCH_USER_PATHS = NO;
				CLANG_ANALYZER_NONNULL = YES;
				CLANG_ANALYZER_NUMBER_OBJECT_CONVERSION = YES_AGGRESSIVE;
				CLANG_CXX_LANGUAGE_STANDARD = "gnu++14";
				CLANG_CXX_LIBRARY = "libc++";
				CLANG_ENABLE_MODULES = YES;
				CLANG_ENABLE_OBJC_ARC = YES;
				CLANG_ENABLE_OBJC_WEAK = YES;
				CLANG_WARN_BLOCK_CAPTURE_AUTORELEASING = YES;
				CLANG_WARN_BOOL_CONVERSION = YES;
				CLANG_WARN_COMMA = YES;
				CLANG_WARN_CONSTANT_CONVERSION = YES;
				CLANG_WARN_DEPRECATED_OBJC_IMPLEMENTATIONS = YES;
				CLANG_WARN_DIRECT_OBJC_ISA_USAGE = YES_ERROR;
				CLANG_WARN_DOCUMENTATION_COMMENTS = YES;
				CLANG_WARN_EMPTY_BODY = YES;
				CLANG_WARN_ENUM_CONVERSION = YES;
				CLANG_WARN_INFINITE_RECURSION = YES;
				CLANG_WARN_INT_CONVERSION = YES;
				CLANG_WARN_NON_LITERAL_NULL_CONVERSION = YES;
				CLANG_WARN_OBJC_IMPLICIT_RETAIN_SELF = YES;
				CLANG_WARN_OBJC_LITERAL_CONVERSION = YES;
				CLANG_WARN_OBJC_ROOT_CLASS = YES_ERROR;
				CLANG_WARN_RANGE_LOOP_ANALYSIS = YES;
				CLANG_WARN_STRICT_PROTOTYPES = YES;
				CLANG_WARN_SUSPICIOUS_MOVE = YES;
				CLANG_WARN_UNGUARDED_AVAILABILITY = YES_AGGRESSIVE;
				CLANG_WARN_UNREACHABLE_CODE = YES;
				CLANG_WARN__DUPLICATE_METHOD_MATCH = YES;
				CODE_SIGN_IDENTITY = "iPhone Developer";
				COPY_PHASE_STRIP = NO;
				DEBUG_INFORMATION_FORMAT = dwarf;
				ENABLE_STRICT_OBJC_MSGSEND = YES;
				ENABLE_TESTABILITY = YES;
				GCC_C_LANGUAGE_STANDARD = gnu11;
				GCC_DYNAMIC_NO_PIC = NO;
				GCC_NO_COMMON_BLOCKS = YES;
				GCC_OPTIMIZATION_LEVEL = 0;
				GCC_PREPROCESSOR_DEFINITIONS = (
					"DEBUG=1",
					"$(inherited)",
				);
				GCC_WARN_64_TO_32_BIT_CONVERSION = YES;
				GCC_WARN_ABOUT_RETURN_TYPE = YES_ERROR;
				GCC_WARN_UNDECLARED_SELECTOR = YES;
				GCC_WARN_UNINITIALIZED_AUTOS = YES_AGGRESSIVE;
				GCC_WARN_UNUSED_FUNCTION = YES;
				GCC_WARN_UNUSED_VARIABLE = YES;
				IPHONEOS_DEPLOYMENT_TARGET = 12.0;
				MTL_ENABLE_DEBUG_INFO = INCLUDE_SOURCE;
				MTL_FAST_MATH = YES;
				ONLY_ACTIVE_ARCH = YES;
				SDKROOT = iphoneos;
				SWIFT_ACTIVE_COMPILATION_CONDITIONS = DEBUG;
				SWIFT_OPTIMIZATION_LEVEL = "-Onone";
			};
			name = Debug;
		};
		CE04C43621F80DC500FEE6F1 /* Release */ = {
			isa = XCBuildConfiguration;
			buildSettings = {
				ALWAYS_SEARCH_USER_PATHS = NO;
				CLANG_ANALYZER_NONNULL = YES;
				CLANG_ANALYZER_NUMBER_OBJECT_CONVERSION = YES_AGGRESSIVE;
				CLANG_CXX_LANGUAGE_STANDARD = "gnu++14";
				CLANG_CXX_LIBRARY = "libc++";
				CLANG_ENABLE_MODULES = YES;
				CLANG_ENABLE_OBJC_ARC = YES;
				CLANG_ENABLE_OBJC_WEAK = YES;
				CLANG_WARN_BLOCK_CAPTURE_AUTORELEASING = YES;
				CLANG_WARN_BOOL_CONVERSION = YES;
				CLANG_WARN_COMMA = YES;
				CLANG_WARN_CONSTANT_CONVERSION = YES;
				CLANG_WARN_DEPRECATED_OBJC_IMPLEMENTATIONS = YES;
				CLANG_WARN_DIRECT_OBJC_ISA_USAGE = YES_ERROR;
				CLANG_WARN_DOCUMENTATION_COMMENTS = YES;
				CLANG_WARN_EMPTY_BODY = YES;
				CLANG_WARN_ENUM_CONVERSION = YES;
				CLANG_WARN_INFINITE_RECURSION = YES;
				CLANG_WARN_INT_CONVERSION = YES;
				CLANG_WARN_NON_LITERAL_NULL_CONVERSION = YES;
				CLANG_WARN_OBJC_IMPLICIT_RETAIN_SELF = YES;
				CLANG_WARN_OBJC_LITERAL_CONVERSION = YES;
				CLANG_WARN_OBJC_ROOT_CLASS = YES_ERROR;
				CLANG_WARN_RANGE_LOOP_ANALYSIS = YES;
				CLANG_WARN_STRICT_PROTOTYPES = YES;
				CLANG_WARN_SUSPICIOUS_MOVE = YES;
				CLANG_WARN_UNGUARDED_AVAILABILITY = YES_AGGRESSIVE;
				CLANG_WARN_UNREACHABLE_CODE = YES;
				CLANG_WARN__DUPLICATE_METHOD_MATCH = YES;
				CODE_SIGN_IDENTITY = "iPhone Developer";
				COPY_PHASE_STRIP = NO;
				DEBUG_INFORMATION_FORMAT = "dwarf-with-dsym";
				ENABLE_NS_ASSERTIONS = NO;
				ENABLE_STRICT_OBJC_MSGSEND = YES;
				GCC_C_LANGUAGE_STANDARD = gnu11;
				GCC_NO_COMMON_BLOCKS = YES;
				GCC_WARN_64_TO_32_BIT_CONVERSION = YES;
				GCC_WARN_ABOUT_RETURN_TYPE = YES_ERROR;
				GCC_WARN_UNDECLARED_SELECTOR = YES;
				GCC_WARN_UNINITIALIZED_AUTOS = YES_AGGRESSIVE;
				GCC_WARN_UNUSED_FUNCTION = YES;
				GCC_WARN_UNUSED_VARIABLE = YES;
				IPHONEOS_DEPLOYMENT_TARGET = 12.0;
				MTL_ENABLE_DEBUG_INFO = NO;
				MTL_FAST_MATH = YES;
				SDKROOT = iphoneos;
				SWIFT_COMPILATION_MODE = wholemodule;
				SWIFT_OPTIMIZATION_LEVEL = "-O";
				VALIDATE_PRODUCT = YES;
			};
			name = Release;
		};
		CE04C43821F80DC500FEE6F1 /* Debug */ = {
			isa = XCBuildConfiguration;
			baseConfigurationReference = B11278D146F64859825D9D06 /* Pods-PopoverDemo1.debug.xcconfig */;
			buildSettings = {
				ASSETCATALOG_COMPILER_APPICON_NAME = AppIcon;
				CODE_SIGN_STYLE = Automatic;
				DEVELOPMENT_TEAM = 4LW34R6CMB;
				INFOPLIST_FILE = PopoverDemo1/Info.plist;
				LD_RUNPATH_SEARCH_PATHS = (
					"$(inherited)",
					"@executable_path/Frameworks",
				);
				PRODUCT_BUNDLE_IDENTIFIER = duycuongB0.PopoverDemo1;
				PRODUCT_NAME = "$(TARGET_NAME)";
				SWIFT_VERSION = 4.2;
				TARGETED_DEVICE_FAMILY = "1,2";
			};
			name = Debug;
		};
		CE04C43921F80DC500FEE6F1 /* Release */ = {
			isa = XCBuildConfiguration;
			baseConfigurationReference = 45677A7AE4C5C6C441AD11A3 /* Pods-PopoverDemo1.release.xcconfig */;
			buildSettings = {
				ASSETCATALOG_COMPILER_APPICON_NAME = AppIcon;
				CODE_SIGN_STYLE = Automatic;
				DEVELOPMENT_TEAM = 4LW34R6CMB;
				INFOPLIST_FILE = PopoverDemo1/Info.plist;
				LD_RUNPATH_SEARCH_PATHS = (
					"$(inherited)",
					"@executable_path/Frameworks",
				);
				PRODUCT_BUNDLE_IDENTIFIER = duycuongB0.PopoverDemo1;
				PRODUCT_NAME = "$(TARGET_NAME)";
				SWIFT_VERSION = 4.2;
				TARGETED_DEVICE_FAMILY = "1,2";
			};
			name = Release;
		};
		CE04C43B21F80DC500FEE6F1 /* Debug */ = {
			isa = XCBuildConfiguration;
			baseConfigurationReference = AE5770371D677FF7B71FEF1A /* Pods-PopoverDemo1Tests.debug.xcconfig */;
			buildSettings = {
				ALWAYS_EMBED_SWIFT_STANDARD_LIBRARIES = YES;
				BUNDLE_LOADER = "$(TEST_HOST)";
				CODE_SIGN_STYLE = Automatic;
				INFOPLIST_FILE = PopoverDemo1Tests/Info.plist;
				LD_RUNPATH_SEARCH_PATHS = (
					"$(inherited)",
					"@executable_path/Frameworks",
					"@loader_path/Frameworks",
				);
				PRODUCT_BUNDLE_IDENTIFIER = duycuongB0.PopoverDemo1Tests;
				PRODUCT_NAME = "$(TARGET_NAME)";
				SWIFT_VERSION = 4.2;
				TARGETED_DEVICE_FAMILY = "1,2";
				TEST_HOST = "$(BUILT_PRODUCTS_DIR)/PopoverDemo1.app/PopoverDemo1";
			};
			name = Debug;
		};
		CE04C43C21F80DC500FEE6F1 /* Release */ = {
			isa = XCBuildConfiguration;
			baseConfigurationReference = CD04570BF2BD07AA3B8EF52B /* Pods-PopoverDemo1Tests.release.xcconfig */;
			buildSettings = {
				ALWAYS_EMBED_SWIFT_STANDARD_LIBRARIES = YES;
				BUNDLE_LOADER = "$(TEST_HOST)";
				CODE_SIGN_STYLE = Automatic;
				INFOPLIST_FILE = PopoverDemo1Tests/Info.plist;
				LD_RUNPATH_SEARCH_PATHS = (
					"$(inherited)",
					"@executable_path/Frameworks",
					"@loader_path/Frameworks",
				);
				PRODUCT_BUNDLE_IDENTIFIER = duycuongB0.PopoverDemo1Tests;
				PRODUCT_NAME = "$(TARGET_NAME)";
				SWIFT_VERSION = 4.2;
				TARGETED_DEVICE_FAMILY = "1,2";
				TEST_HOST = "$(BUILT_PRODUCTS_DIR)/PopoverDemo1.app/PopoverDemo1";
			};
			name = Release;
		};
/* End XCBuildConfiguration section */

/* Begin XCConfigurationList section */
		CE04C41521F80DC400FEE6F1 /* Build configuration list for PBXProject "PopoverDemo1" */ = {
			isa = XCConfigurationList;
			buildConfigurations = (
				CE04C43521F80DC500FEE6F1 /* Debug */,
				CE04C43621F80DC500FEE6F1 /* Release */,
			);
			defaultConfigurationIsVisible = 0;
			defaultConfigurationName = Release;
		};
		CE04C43721F80DC500FEE6F1 /* Build configuration list for PBXNativeTarget "PopoverDemo1" */ = {
			isa = XCConfigurationList;
			buildConfigurations = (
				CE04C43821F80DC500FEE6F1 /* Debug */,
				CE04C43921F80DC500FEE6F1 /* Release */,
			);
			defaultConfigurationIsVisible = 0;
			defaultConfigurationName = Release;
		};
		CE04C43A21F80DC500FEE6F1 /* Build configuration list for PBXNativeTarget "PopoverDemo1Tests" */ = {
			isa = XCConfigurationList;
			buildConfigurations = (
				CE04C43B21F80DC500FEE6F1 /* Debug */,
				CE04C43C21F80DC500FEE6F1 /* Release */,
			);
			defaultConfigurationIsVisible = 0;
			defaultConfigurationName = Release;
		};
/* End XCConfigurationList section */
	};
	rootObject = CE04C41221F80DC400FEE6F1 /* Project object */;
}
